{
  "name": "Kalabox",
  "version": "0.0.0",
  "dependencies": {
    "grunt-contrib-compress": {
      "version": "0.10.0",
      "from": "grunt-contrib-compress@^0.10.0",
      "resolved": "https://registry.npmjs.org/grunt-contrib-compress/-/grunt-contrib-compress-0.10.0.tgz",
      "dependencies": {
        "archiver": {
          "version": "0.11.0-alpha",
          "from": "archiver@~0.11.0-alpha",
          "resolved": "http://registry.npmjs.org/archiver/-/archiver-0.11.0-alpha.tgz"
        },
        "prettysize": {
          "version": "~0.0.2",
          "from": "archiver@~0.0.2",
          "resolved": "http://registry.npmjs.org/prettysize/-/prettysize-0.0.2.tgz"
        }
      }
    }
  }
}